
Microsoft Visual Studio Solution File, Format Version 12.00
# Visual Studio Version 17
VisualStudioVersion = 17.5.33627.172
MinimumVisualStudioVersion = 10.0.40219.1
Project("{FAE04EC0-301F-11D3-BF4B-00C04F79EFBC}") = "Server", "Server\Server.csproj", "{1202B572-5D52-4727-AEB1-932BD1104D74}"
EndProject
Global
	GlobalSection(SolutionConfigurationPlatforms) = preSolution
		Debug|Any CPU = Debug|Any CPU
		Release|Any CPU = Release|Any CPU
	EndGlobalSection
	GlobalSection(ProjectConfigurationPlatforms) = postSolution
		{1202B572-5D52-4727-AEB1-932BD1104D74}.Debug|Any CPU.ActiveCfg = Debug|Any CPU
		{1202B572-5D52-4727-AEB1-932BD1104D74}.Debug|Any CPU.Build.0 = Debug|Any CPU
		{1202B572-5D52-4727-AEB1-932BD1104D74}.Release|Any CPU.ActiveCfg = Release|Any CPU
		{1202B572-5D52-4727-AEB1-932BD1104D74}.Release|Any CPU.Build.0 = Release|Any CPU
	EndGlobalSection
	GlobalSection(SolutionProperties) = preSolution
		HideSolutionNode = FALSE
	EndGlobalSection
	GlobalSection(ExtensibilityGlobals) = postSolution
		SolutionGuid = {6352D3BC-9767-4B44-90BC-EEBB97A0E277}
	EndGlobalSection
EndGlobal
